
Microsoft Visual Studio Solution File, Format Version 12.00
# Visual Studio Version 17
VisualStudioVersion = 17.12.35521.163
MinimumVisualStudioVersion = 10.0.40219.1
Project("{2150E333-8FDC-42A3-9474-1A3956D46DE8}") = "Core", "Core", "{58F4F35D-B6D6-4036-9136-FD41BDEEEE74}"
EndProject
Project("{2150E333-8FDC-42A3-9474-1A3956D46DE8}") = "Infrastructure", "Infrastructure", "{E4D8F298-2CEE-40A0-9CA8-A931233093AA}"
EndProject
Project("{FAE04EC0-301F-11D3-BF4B-00C04F79EFBC}") = "ECommerce.Domain", "..\..\ECommerce.Domain\ECommerce.Domain.csproj", "{D799D230-8E1D-4838-A9CF-252E824691B5}"
EndProject
Project("{FAE04EC0-301F-11D3-BF4B-00C04F79EFBC}") = "ECommerce.ApiServices", "..\..\ECommerce.ApiServices\ECommerce.ApiServices.csproj", "{0E3F0B25-ECA0-4635-AF70-FC83C3F35156}"
	ProjectSection(ProjectDependencies) = postProject
		{19AC1FD5-D149-43F6-8B6D-DCF8A85480B7} = {19AC1FD5-D149-43F6-8B6D-DCF8A85480B7}
		{4B0E8311-AB97-46BF-92F8-BDA80093DFC6} = {4B0E8311-AB97-46BF-92F8-BDA80093DFC6}
		{D799D230-8E1D-4838-A9CF-252E824691B5} = {D799D230-8E1D-4838-A9CF-252E824691B5}
		{E00D487A-CFB1-4029-BBBA-21E037A7AC9E} = {E00D487A-CFB1-4029-BBBA-21E037A7AC9E}
	EndProjectSection
EndProject
Project("{2150E333-8FDC-42A3-9474-1A3956D46DE8}") = "Seeding", "Seeding", "{852DE67C-A892-40FC-90D5-1D93CD2FFB7C}"
EndProject
Project("{FAE04EC0-301F-11D3-BF4B-00C04F79EFBC}") = "ECommerce.Seeding", "..\..\ECommerce.Seeding\ECommerce.Seeding.csproj", "{75DEFD56-5D76-4C94-B54E-D0B9D673358A}"
EndProject
Project("{FAE04EC0-301F-11D3-BF4B-00C04F79EFBC}") = "ECommerce.Services", "..\..\ECommerce.Services\ECommerce.Services.csproj", "{19AC1FD5-D149-43F6-8B6D-DCF8A85480B7}"
	ProjectSection(ProjectDependencies) = postProject
		{4B0E8311-AB97-46BF-92F8-BDA80093DFC6} = {4B0E8311-AB97-46BF-92F8-BDA80093DFC6}
		{D799D230-8E1D-4838-A9CF-252E824691B5} = {D799D230-8E1D-4838-A9CF-252E824691B5}
		{E00D487A-CFB1-4029-BBBA-21E037A7AC9E} = {E00D487A-CFB1-4029-BBBA-21E037A7AC9E}
	EndProjectSection
EndProject
Project("{FAE04EC0-301F-11D3-BF4B-00C04F79EFBC}") = "ECommerce.Presentation", "..\..\ECommerce.Presentation\ECommerce.Presentation.csproj", "{EAD8C513-514F-4384-9611-9A7F56097331}"
	ProjectSection(ProjectDependencies) = postProject
		{4B0E8311-AB97-46BF-92F8-BDA80093DFC6} = {4B0E8311-AB97-46BF-92F8-BDA80093DFC6}
		{D799D230-8E1D-4838-A9CF-252E824691B5} = {D799D230-8E1D-4838-A9CF-252E824691B5}
	EndProjectSection
EndProject
Project("{FAE04EC0-301F-11D3-BF4B-00C04F79EFBC}") = "ECommerce.Persistence", "..\..\ECommerce.Persistence\ECommerce.Persistence.csproj", "{E00D487A-CFB1-4029-BBBA-21E037A7AC9E}"
	ProjectSection(ProjectDependencies) = postProject
		{D799D230-8E1D-4838-A9CF-252E824691B5} = {D799D230-8E1D-4838-A9CF-252E824691B5}
	EndProjectSection
EndProject
Project("{FAE04EC0-301F-11D3-BF4B-00C04F79EFBC}") = "ECommerce.ServiceAbstraction", "..\..\ECommerce.ServiceAbstraction\ECommerce.ServiceAbstraction.csproj", "{4B0E8311-AB97-46BF-92F8-BDA80093DFC6}"
	ProjectSection(ProjectDependencies) = postProject
		{D799D230-8E1D-4838-A9CF-252E824691B5} = {D799D230-8E1D-4838-A9CF-252E824691B5}
	EndProjectSection
EndProject
Project("{FAE04EC0-301F-11D3-BF4B-00C04F79EFBC}") = "ECommerce.UnitTest", "..\..\ECommerce.UnitTest\ECommerce.UnitTest.csproj", "{63223922-0AB7-4FBB-ABD3-CB86CD374168}"
	ProjectSection(ProjectDependencies) = postProject
		{4B0E8311-AB97-46BF-92F8-BDA80093DFC6} = {4B0E8311-AB97-46BF-92F8-BDA80093DFC6}
		{D799D230-8E1D-4838-A9CF-252E824691B5} = {D799D230-8E1D-4838-A9CF-252E824691B5}
	EndProjectSection
EndProject
Global
	GlobalSection(SolutionConfigurationPlatforms) = preSolution
		Debug|Any CPU = Debug|Any CPU
		Release|Any CPU = Release|Any CPU
	EndGlobalSection
	GlobalSection(ProjectConfigurationPlatforms) = postSolution
		{D799D230-8E1D-4838-A9CF-252E824691B5}.Debug|Any CPU.ActiveCfg = Debug|Any CPU
		{D799D230-8E1D-4838-A9CF-252E824691B5}.Debug|Any CPU.Build.0 = Debug|Any CPU
		{D799D230-8E1D-4838-A9CF-252E824691B5}.Release|Any CPU.ActiveCfg = Release|Any CPU
		{D799D230-8E1D-4838-A9CF-252E824691B5}.Release|Any CPU.Build.0 = Release|Any CPU
		{0E3F0B25-ECA0-4635-AF70-FC83C3F35156}.Debug|Any CPU.ActiveCfg = Debug|Any CPU
		{0E3F0B25-ECA0-4635-AF70-FC83C3F35156}.Debug|Any CPU.Build.0 = Debug|Any CPU
		{0E3F0B25-ECA0-4635-AF70-FC83C3F35156}.Release|Any CPU.ActiveCfg = Release|Any CPU
		{0E3F0B25-ECA0-4635-AF70-FC83C3F35156}.Release|Any CPU.Build.0 = Release|Any CPU
		{75DEFD56-5D76-4C94-B54E-D0B9D673358A}.Debug|Any CPU.ActiveCfg = Debug|Any CPU
		{75DEFD56-5D76-4C94-B54E-D0B9D673358A}.Debug|Any CPU.Build.0 = Debug|Any CPU
		{75DEFD56-5D76-4C94-B54E-D0B9D673358A}.Release|Any CPU.ActiveCfg = Release|Any CPU
		{75DEFD56-5D76-4C94-B54E-D0B9D673358A}.Release|Any CPU.Build.0 = Release|Any CPU
		{19AC1FD5-D149-43F6-8B6D-DCF8A85480B7}.Debug|Any CPU.ActiveCfg = Debug|Any CPU
		{19AC1FD5-D149-43F6-8B6D-DCF8A85480B7}.Debug|Any CPU.Build.0 = Debug|Any CPU
		{19AC1FD5-D149-43F6-8B6D-DCF8A85480B7}.Release|Any CPU.ActiveCfg = Release|Any CPU
		{19AC1FD5-D149-43F6-8B6D-DCF8A85480B7}.Release|Any CPU.Build.0 = Release|Any CPU
		{EAD8C513-514F-4384-9611-9A7F56097331}.Debug|Any CPU.ActiveCfg = Debug|Any CPU
		{EAD8C513-514F-4384-9611-9A7F56097331}.Debug|Any CPU.Build.0 = Debug|Any CPU
		{EAD8C513-514F-4384-9611-9A7F56097331}.Release|Any CPU.ActiveCfg = Release|Any CPU
		{EAD8C513-514F-4384-9611-9A7F56097331}.Release|Any CPU.Build.0 = Release|Any CPU
		{E00D487A-CFB1-4029-BBBA-21E037A7AC9E}.Debug|Any CPU.ActiveCfg = Debug|Any CPU
		{E00D487A-CFB1-4029-BBBA-21E037A7AC9E}.Debug|Any CPU.Build.0 = Debug|Any CPU
		{E00D487A-CFB1-4029-BBBA-21E037A7AC9E}.Release|Any CPU.ActiveCfg = Release|Any CPU
		{E00D487A-CFB1-4029-BBBA-21E037A7AC9E}.Release|Any CPU.Build.0 = Release|Any CPU
		{4B0E8311-AB97-46BF-92F8-BDA80093DFC6}.Debug|Any CPU.ActiveCfg = Debug|Any CPU
		{4B0E8311-AB97-46BF-92F8-BDA80093DFC6}.Debug|Any CPU.Build.0 = Debug|Any CPU
		{4B0E8311-AB97-46BF-92F8-BDA80093DFC6}.Release|Any CPU.ActiveCfg = Release|Any CPU
		{4B0E8311-AB97-46BF-92F8-BDA80093DFC6}.Release|Any CPU.Build.0 = Release|Any CPU
		{63223922-0AB7-4FBB-ABD3-CB86CD374168}.Debug|Any CPU.ActiveCfg = Debug|Any CPU
		{63223922-0AB7-4FBB-ABD3-CB86CD374168}.Debug|Any CPU.Build.0 = Debug|Any CPU
		{63223922-0AB7-4FBB-ABD3-CB86CD374168}.Release|Any CPU.ActiveCfg = Release|Any CPU
		{63223922-0AB7-4FBB-ABD3-CB86CD374168}.Release|Any CPU.Build.0 = Release|Any CPU
	EndGlobalSection
	GlobalSection(SolutionProperties) = preSolution
		HideSolutionNode = FALSE
	EndGlobalSection
	GlobalSection(NestedProjects) = preSolution
		{D799D230-8E1D-4838-A9CF-252E824691B5} = {58F4F35D-B6D6-4036-9136-FD41BDEEEE74}
		{75DEFD56-5D76-4C94-B54E-D0B9D673358A} = {852DE67C-A892-40FC-90D5-1D93CD2FFB7C}
		{19AC1FD5-D149-43F6-8B6D-DCF8A85480B7} = {58F4F35D-B6D6-4036-9136-FD41BDEEEE74}
		{EAD8C513-514F-4384-9611-9A7F56097331} = {E4D8F298-2CEE-40A0-9CA8-A931233093AA}
		{E00D487A-CFB1-4029-BBBA-21E037A7AC9E} = {E4D8F298-2CEE-40A0-9CA8-A931233093AA}
		{4B0E8311-AB97-46BF-92F8-BDA80093DFC6} = {58F4F35D-B6D6-4036-9136-FD41BDEEEE74}
	EndGlobalSection
EndGlobal
