
Microsoft Visual Studio Solution File, Format Version 12.00
# Visual Studio Version 16
VisualStudioVersion = 16.0.29806.167
MinimumVisualStudioVersion = 10.0.40219.1
Project("{2150E333-8FDC-42A3-9474-1A3956D46DE8}") = "Core", "Core", "{89A43CD0-EEDA-4FF5-AA5B-905269852945}"
EndProject
Project("{2150E333-8FDC-42A3-9474-1A3956D46DE8}") = "Infrastructure", "Infrastructure", "{51E05C39-E548-4936-B6C6-09D65C5D1AF5}"
EndProject
Project("{2150E333-8FDC-42A3-9474-1A3956D46DE8}") = "Presentation", "Presentation", "{12AC6ABF-26DE-4C6D-BE05-1F544AA123C0}"
EndProject
Project("{FAE04EC0-301F-11D3-BF4B-00C04F79EFBC}") = "Domain", "Domain\Domain.csproj", "{7B7AE5F5-D545-4AB3-BD6E-47F08A63F039}"
EndProject
Project("{FAE04EC0-301F-11D3-BF4B-00C04F79EFBC}") = "Persistence", "Persistence\Persistence.csproj", "{9714580C-FC75-47D6-A547-B60B9EDA35FC}"
EndProject
Project("{FAE04EC0-301F-11D3-BF4B-00C04F79EFBC}") = "WebApi", "WebApi\WebApi.csproj", "{93C1C7E5-DE02-4365-ABE1-8C67DE0852F2}"
EndProject
Project("{FAE04EC0-301F-11D3-BF4B-00C04F79EFBC}") = "Application", "Application\Application.csproj", "{32F485BC-5978-46FA-BD0B-2E8CC40CC192}"
EndProject
Project("{2150E333-8FDC-42A3-9474-1A3956D46DE8}") = "Solution Items", "Solution Items", "{8A2A1D4D-AF76-4E7D-8EE2-D633B65B27F8}"
	ProjectSection(SolutionItems) = preProject
		.editorconfig = .editorconfig
	EndProjectSection
EndProject
Global
	GlobalSection(SolutionConfigurationPlatforms) = preSolution
		Debug|Any CPU = Debug|Any CPU
		Release|Any CPU = Release|Any CPU
	EndGlobalSection
	GlobalSection(ProjectConfigurationPlatforms) = postSolution
		{7B7AE5F5-D545-4AB3-BD6E-47F08A63F039}.Debug|Any CPU.ActiveCfg = Debug|Any CPU
		{7B7AE5F5-D545-4AB3-BD6E-47F08A63F039}.Debug|Any CPU.Build.0 = Debug|Any CPU
		{7B7AE5F5-D545-4AB3-BD6E-47F08A63F039}.Release|Any CPU.ActiveCfg = Release|Any CPU
		{7B7AE5F5-D545-4AB3-BD6E-47F08A63F039}.Release|Any CPU.Build.0 = Release|Any CPU
		{9714580C-FC75-47D6-A547-B60B9EDA35FC}.Debug|Any CPU.ActiveCfg = Debug|Any CPU
		{9714580C-FC75-47D6-A547-B60B9EDA35FC}.Debug|Any CPU.Build.0 = Debug|Any CPU
		{9714580C-FC75-47D6-A547-B60B9EDA35FC}.Release|Any CPU.ActiveCfg = Release|Any CPU
		{9714580C-FC75-47D6-A547-B60B9EDA35FC}.Release|Any CPU.Build.0 = Release|Any CPU
		{93C1C7E5-DE02-4365-ABE1-8C67DE0852F2}.Debug|Any CPU.ActiveCfg = Debug|Any CPU
		{93C1C7E5-DE02-4365-ABE1-8C67DE0852F2}.Debug|Any CPU.Build.0 = Debug|Any CPU
		{93C1C7E5-DE02-4365-ABE1-8C67DE0852F2}.Release|Any CPU.ActiveCfg = Release|Any CPU
		{93C1C7E5-DE02-4365-ABE1-8C67DE0852F2}.Release|Any CPU.Build.0 = Release|Any CPU
		{32F485BC-5978-46FA-BD0B-2E8CC40CC192}.Debug|Any CPU.ActiveCfg = Debug|Any CPU
		{32F485BC-5978-46FA-BD0B-2E8CC40CC192}.Debug|Any CPU.Build.0 = Debug|Any CPU
		{32F485BC-5978-46FA-BD0B-2E8CC40CC192}.Release|Any CPU.ActiveCfg = Release|Any CPU
		{32F485BC-5978-46FA-BD0B-2E8CC40CC192}.Release|Any CPU.Build.0 = Release|Any CPU
	EndGlobalSection
	GlobalSection(SolutionProperties) = preSolution
		HideSolutionNode = FALSE
	EndGlobalSection
	GlobalSection(NestedProjects) = preSolution
		{7B7AE5F5-D545-4AB3-BD6E-47F08A63F039} = {89A43CD0-EEDA-4FF5-AA5B-905269852945}
		{9714580C-FC75-47D6-A547-B60B9EDA35FC} = {51E05C39-E548-4936-B6C6-09D65C5D1AF5}
		{93C1C7E5-DE02-4365-ABE1-8C67DE0852F2} = {12AC6ABF-26DE-4C6D-BE05-1F544AA123C0}
		{32F485BC-5978-46FA-BD0B-2E8CC40CC192} = {89A43CD0-EEDA-4FF5-AA5B-905269852945}
	EndGlobalSection
	GlobalSection(ExtensibilityGlobals) = postSolution
		SolutionGuid = {4CBF1BBA-A2B9-48B4-AEE7-A7822A36C886}
	EndGlobalSection
EndGlobal
